# This file is automatically @generated by Cargo.
# It is not intended for manual editing.
version = 3

[[package]]
name = "bacon_rajan_cc"
version = "0.3.1"
source = "git+https://github.com/ves-lang/bacon-rajan-cc#13c2230ca29c4df83a6907dbe4dadbe9d5f069f4"

[[package]]
name = "static_assertions"
version = "1.1.0"
source = "registry+https://github.com/rust-lang/crates.io-index"
checksum = "a2eb9349b6444b326872e140eb1cf5e7c522154d69e7a0ffb0fb81c06b37543f"

[[package]]
name = "ves-runtime"
version = "0.1.0"
dependencies = [
 "bacon_rajan_cc",
 "static_assertions",
]
