# This file is automatically @generated by Cargo.
# It is not intended for manual editing.
version = 3

[[package]]
name = "bacon_rajan_cc"
version = "0.3.1"
source = "git+https://github.com/ves-lang/bacon-rajan-cc#7c42576138c0dede76eaf997970b612c49861d21"

[[package]]
name = "ves-runtime"
version = "0.1.0"
dependencies = [
 "bacon_rajan_cc",
]
